
Microsoft Visual Studio Solution File, Format Version 12.00
# Visual Studio 2013
VisualStudioVersion = 12.0.31101.0
MinimumVisualStudioVersion = 10.0.40219.1
Project("{FAE04EC0-301F-11D3-BF4B-00C04F79EFBC}") = "OOP", "OOP\OOP.csproj", "{AE4058A4-9E54-4351-969C-77C8C46D45CC}"
EndProject
Project("{FAE04EC0-301F-11D3-BF4B-00C04F79EFBC}") = "OOP.Tests", "OOP.Tests\OOP.Tests.csproj", "{6B0FC598-F1D9-4BAE-B0A4-7FB7EB390AD0}"
EndProject
Project("{2150E333-8FDC-42A3-9474-1A3956D46DE8}") = ".nuget", ".nuget", "{75ACE098-F689-4C06-8333-B59E4232A3D7}"
	ProjectSection(SolutionItems) = preProject
		.nuget\NuGet.Config = .nuget\NuGet.Config
		.nuget\NuGet.exe = .nuget\NuGet.exe
		.nuget\NuGet.targets = .nuget\NuGet.targets
	EndProjectSection
EndProject
Global
	GlobalSection(SolutionConfigurationPlatforms) = preSolution
		Debug|Any CPU = Debug|Any CPU
		Debug|Mixed Platforms = Debug|Mixed Platforms
		Debug|x86 = Debug|x86
		Release|Any CPU = Release|Any CPU
		Release|Mixed Platforms = Release|Mixed Platforms
		Release|x86 = Release|x86
	EndGlobalSection
	GlobalSection(ProjectConfigurationPlatforms) = postSolution
		{AE4058A4-9E54-4351-969C-77C8C46D45CC}.Debug|Any CPU.ActiveCfg = Debug|Any CPU
		{AE4058A4-9E54-4351-969C-77C8C46D45CC}.Debug|Any CPU.Build.0 = Debug|Any CPU
		{AE4058A4-9E54-4351-969C-77C8C46D45CC}.Debug|Mixed Platforms.ActiveCfg = Debug|Any CPU
		{AE4058A4-9E54-4351-969C-77C8C46D45CC}.Debug|Mixed Platforms.Build.0 = Debug|Any CPU
		{AE4058A4-9E54-4351-969C-77C8C46D45CC}.Debug|x86.ActiveCfg = Debug|Any CPU
		{AE4058A4-9E54-4351-969C-77C8C46D45CC}.Release|Any CPU.ActiveCfg = Release|Any CPU
		{AE4058A4-9E54-4351-969C-77C8C46D45CC}.Release|Any CPU.Build.0 = Release|Any CPU
		{AE4058A4-9E54-4351-969C-77C8C46D45CC}.Release|Mixed Platforms.ActiveCfg = Release|Any CPU
		{AE4058A4-9E54-4351-969C-77C8C46D45CC}.Release|Mixed Platforms.Build.0 = Release|Any CPU
		{AE4058A4-9E54-4351-969C-77C8C46D45CC}.Release|x86.ActiveCfg = Release|Any CPU
		{6B0FC598-F1D9-4BAE-B0A4-7FB7EB390AD0}.Debug|Any CPU.ActiveCfg = Debug|Any CPU
		{6B0FC598-F1D9-4BAE-B0A4-7FB7EB390AD0}.Debug|Any CPU.Build.0 = Debug|Any CPU
		{6B0FC598-F1D9-4BAE-B0A4-7FB7EB390AD0}.Debug|Mixed Platforms.ActiveCfg = Debug|Any CPU
		{6B0FC598-F1D9-4BAE-B0A4-7FB7EB390AD0}.Debug|Mixed Platforms.Build.0 = Debug|Any CPU
		{6B0FC598-F1D9-4BAE-B0A4-7FB7EB390AD0}.Debug|x86.ActiveCfg = Debug|Any CPU
		{6B0FC598-F1D9-4BAE-B0A4-7FB7EB390AD0}.Release|Any CPU.ActiveCfg = Release|Any CPU
		{6B0FC598-F1D9-4BAE-B0A4-7FB7EB390AD0}.Release|Any CPU.Build.0 = Release|Any CPU
		{6B0FC598-F1D9-4BAE-B0A4-7FB7EB390AD0}.Release|Mixed Platforms.ActiveCfg = Release|Any CPU
		{6B0FC598-F1D9-4BAE-B0A4-7FB7EB390AD0}.Release|Mixed Platforms.Build.0 = Release|Any CPU
		{6B0FC598-F1D9-4BAE-B0A4-7FB7EB390AD0}.Release|x86.ActiveCfg = Release|Any CPU
	EndGlobalSection
	GlobalSection(SolutionProperties) = preSolution
		HideSolutionNode = FALSE
	EndGlobalSection
EndGlobal
